
Microsoft Visual Studio Solution File, Format Version 12.00
# Visual Studio 15
VisualStudioVersion = 15.0.28307.1062
MinimumVisualStudioVersion = 10.0.40219.1
Project("{9A19103F-16F7-4668-BE54-9A1E7A4F7556}") = "WorldLive.Web", "WorldLive.Web\WorldLive.Web.csproj", "{0E58E3F1-82DF-4D4D-9547-D794A60B2FAA}"
EndProject
Project("{9A19103F-16F7-4668-BE54-9A1E7A4F7556}") = "WorldLive.Core", "WorldLive.Core\WorldLive.Core.csproj", "{449CB4A4-19A6-44A6-9E27-AB4349D515F5}"
EndProject
Project("{9A19103F-16F7-4668-BE54-9A1E7A4F7556}") = "WorldLive.Test", "WorldLive.Test\WorldLive.Test.csproj", "{B12D753C-2EFF-4301-936F-6A726AF9CDE1}"
EndProject
Global
	GlobalSection(SolutionConfigurationPlatforms) = preSolution
		Debug|Any CPU = Debug|Any CPU
		Release|Any CPU = Release|Any CPU
	EndGlobalSection
	GlobalSection(ProjectConfigurationPlatforms) = postSolution
		{0E58E3F1-82DF-4D4D-9547-D794A60B2FAA}.Debug|Any CPU.ActiveCfg = Debug|Any CPU
		{0E58E3F1-82DF-4D4D-9547-D794A60B2FAA}.Debug|Any CPU.Build.0 = Debug|Any CPU
		{0E58E3F1-82DF-4D4D-9547-D794A60B2FAA}.Release|Any CPU.ActiveCfg = Release|Any CPU
		{0E58E3F1-82DF-4D4D-9547-D794A60B2FAA}.Release|Any CPU.Build.0 = Release|Any CPU
		{449CB4A4-19A6-44A6-9E27-AB4349D515F5}.Debug|Any CPU.ActiveCfg = Debug|Any CPU
		{449CB4A4-19A6-44A6-9E27-AB4349D515F5}.Debug|Any CPU.Build.0 = Debug|Any CPU
		{449CB4A4-19A6-44A6-9E27-AB4349D515F5}.Release|Any CPU.ActiveCfg = Release|Any CPU
		{449CB4A4-19A6-44A6-9E27-AB4349D515F5}.Release|Any CPU.Build.0 = Release|Any CPU
		{B12D753C-2EFF-4301-936F-6A726AF9CDE1}.Debug|Any CPU.ActiveCfg = Debug|Any CPU
		{B12D753C-2EFF-4301-936F-6A726AF9CDE1}.Debug|Any CPU.Build.0 = Debug|Any CPU
		{B12D753C-2EFF-4301-936F-6A726AF9CDE1}.Release|Any CPU.ActiveCfg = Release|Any CPU
		{B12D753C-2EFF-4301-936F-6A726AF9CDE1}.Release|Any CPU.Build.0 = Release|Any CPU
	EndGlobalSection
	GlobalSection(SolutionProperties) = preSolution
		HideSolutionNode = FALSE
	EndGlobalSection
	GlobalSection(ExtensibilityGlobals) = postSolution
		SolutionGuid = {2870C570-D848-4A85-8FF0-6FEE313F7F94}
	EndGlobalSection
EndGlobal
